
Microsoft Visual Studio Solution File, Format Version 11.00
# Visual Studio 2010
Project("{8BC9CEB8-8B4A-11D0-8D11-00A0C91BC942}") = "btnlook", "btnlook\btnlook.vcxproj", "{7BEB1BF8-1C7A-482E-8D73-24F376277732}"
EndProject
Project("{8BC9CEB8-8B4A-11D0-8D11-00A0C91BC942}") = "poppad", "poppad\poppad.vcxproj", "{A5B0D0BA-0273-4327-9C5C-C8FEAF365C3C}"
EndProject
Project("{8BC9CEB8-8B4A-11D0-8D11-00A0C91BC942}") = "colors", "colors\colors.vcxproj", "{77D6C6E6-142B-40F9-96BE-59EB2D970DB0}"
EndProject
Project("{8BC9CEB8-8B4A-11D0-8D11-00A0C91BC942}") = "environ", "environ\environ.vcxproj", "{6A150E5C-670E-48D1-9F70-3F7DCA57F69A}"
EndProject
Project("{8BC9CEB8-8B4A-11D0-8D11-00A0C91BC942}") = "GetEnvironmentStrings", "GetEnvironmentStrings\GetEnvironmentStrings.vcxproj", "{5707347C-B25B-4F72-8BCB-163B93D93786}"
EndProject
Project("{8BC9CEB8-8B4A-11D0-8D11-00A0C91BC942}") = "HEAD", "HEAD\HEAD.vcxproj", "{260F0EC5-0D0B-45A5-B4C9-2A15A4BBE2C3}"
EndProject
Project("{8BC9CEB8-8B4A-11D0-8D11-00A0C91BC942}") = "winmfc", "winmfc\winmfc.vcxproj", "{44E72BAC-C8EE-459D-A62C-C83098744DB4}"
EndProject
Project("{8BC9CEB8-8B4A-11D0-8D11-00A0C91BC942}") = "icon-test", "icon-test\icon-test.vcxproj", "{633C3C56-6CDB-46B6-A7C5-918AB75B98A8}"
EndProject
Global
	GlobalSection(SolutionConfigurationPlatforms) = preSolution
		Debug|Win32 = Debug|Win32
		Release|Win32 = Release|Win32
	EndGlobalSection
	GlobalSection(ProjectConfigurationPlatforms) = postSolution
		{7BEB1BF8-1C7A-482E-8D73-24F376277732}.Debug|Win32.ActiveCfg = Debug|Win32
		{7BEB1BF8-1C7A-482E-8D73-24F376277732}.Debug|Win32.Build.0 = Debug|Win32
		{7BEB1BF8-1C7A-482E-8D73-24F376277732}.Release|Win32.ActiveCfg = Release|Win32
		{7BEB1BF8-1C7A-482E-8D73-24F376277732}.Release|Win32.Build.0 = Release|Win32
		{A5B0D0BA-0273-4327-9C5C-C8FEAF365C3C}.Debug|Win32.ActiveCfg = Debug|Win32
		{A5B0D0BA-0273-4327-9C5C-C8FEAF365C3C}.Debug|Win32.Build.0 = Debug|Win32
		{A5B0D0BA-0273-4327-9C5C-C8FEAF365C3C}.Release|Win32.ActiveCfg = Release|Win32
		{A5B0D0BA-0273-4327-9C5C-C8FEAF365C3C}.Release|Win32.Build.0 = Release|Win32
		{77D6C6E6-142B-40F9-96BE-59EB2D970DB0}.Debug|Win32.ActiveCfg = Debug|Win32
		{77D6C6E6-142B-40F9-96BE-59EB2D970DB0}.Debug|Win32.Build.0 = Debug|Win32
		{77D6C6E6-142B-40F9-96BE-59EB2D970DB0}.Release|Win32.ActiveCfg = Release|Win32
		{77D6C6E6-142B-40F9-96BE-59EB2D970DB0}.Release|Win32.Build.0 = Release|Win32
		{6A150E5C-670E-48D1-9F70-3F7DCA57F69A}.Debug|Win32.ActiveCfg = Debug|Win32
		{6A150E5C-670E-48D1-9F70-3F7DCA57F69A}.Debug|Win32.Build.0 = Debug|Win32
		{6A150E5C-670E-48D1-9F70-3F7DCA57F69A}.Release|Win32.ActiveCfg = Release|Win32
		{6A150E5C-670E-48D1-9F70-3F7DCA57F69A}.Release|Win32.Build.0 = Release|Win32
		{5707347C-B25B-4F72-8BCB-163B93D93786}.Debug|Win32.ActiveCfg = Debug|Win32
		{5707347C-B25B-4F72-8BCB-163B93D93786}.Debug|Win32.Build.0 = Debug|Win32
		{5707347C-B25B-4F72-8BCB-163B93D93786}.Release|Win32.ActiveCfg = Release|Win32
		{5707347C-B25B-4F72-8BCB-163B93D93786}.Release|Win32.Build.0 = Release|Win32
		{260F0EC5-0D0B-45A5-B4C9-2A15A4BBE2C3}.Debug|Win32.ActiveCfg = Debug|Win32
		{260F0EC5-0D0B-45A5-B4C9-2A15A4BBE2C3}.Debug|Win32.Build.0 = Debug|Win32
		{260F0EC5-0D0B-45A5-B4C9-2A15A4BBE2C3}.Release|Win32.ActiveCfg = Release|Win32
		{260F0EC5-0D0B-45A5-B4C9-2A15A4BBE2C3}.Release|Win32.Build.0 = Release|Win32
		{44E72BAC-C8EE-459D-A62C-C83098744DB4}.Debug|Win32.ActiveCfg = Debug|Win32
		{44E72BAC-C8EE-459D-A62C-C83098744DB4}.Debug|Win32.Build.0 = Debug|Win32
		{44E72BAC-C8EE-459D-A62C-C83098744DB4}.Release|Win32.ActiveCfg = Release|Win32
		{44E72BAC-C8EE-459D-A62C-C83098744DB4}.Release|Win32.Build.0 = Release|Win32
		{633C3C56-6CDB-46B6-A7C5-918AB75B98A8}.Debug|Win32.ActiveCfg = Debug|Win32
		{633C3C56-6CDB-46B6-A7C5-918AB75B98A8}.Debug|Win32.Build.0 = Debug|Win32
		{633C3C56-6CDB-46B6-A7C5-918AB75B98A8}.Release|Win32.ActiveCfg = Release|Win32
		{633C3C56-6CDB-46B6-A7C5-918AB75B98A8}.Release|Win32.Build.0 = Release|Win32
	EndGlobalSection
	GlobalSection(SolutionProperties) = preSolution
		HideSolutionNode = FALSE
	EndGlobalSection
EndGlobal
